// !$*UTF8*$!
{
	archiveVersion = 1;
	classes = {
	};
	objectVersion = 46;
	objects = {

/* Begin PBXBuildFile section */
		E2E814361C1049FE00356302 /* AppDelegate.swift in Sources */ = {isa = PBXBuildFile; fileRef = E2E814351C1049FE00356302 /* AppDelegate.swift */; };
		E2E814381C1049FE00356302 /* ViewController.swift in Sources */ = {isa = PBXBuildFile; fileRef = E2E814371C1049FE00356302 /* ViewController.swift */; };
		E2E8143B1C1049FE00356302 /* Main.storyboard in Resources */ = {isa = PBXBuildFile; fileRef = E2E814391C1049FE00356302 /* Main.storyboard */; };
		E2E8143D1C1049FE00356302 /* Assets.xcassets in Resources */ = {isa = PBXBuildFile; fileRef = E2E8143C1C1049FE00356302 /* Assets.xcassets */; };
		E2E814401C1049FE00356302 /* LaunchScreen.storyboard in Resources */ = {isa = PBXBuildFile; fileRef = E2E8143E1C1049FE00356302 /* LaunchScreen.storyboard */; };
		E2E8144B1C1049FE00356302 /* FirstAppTests.swift in Sources */ = {isa = PBXBuildFile; fileRef = E2E8144A1C1049FE00356302 /* FirstAppTests.swift */; };
		E2E814561C1049FE00356302 /* FirstAppUITests.swift in Sources */ = {isa = PBXBuildFile; fileRef = E2E814551C1049FE00356302 /* FirstAppUITests.swift */; };
/* End PBXBuildFile section */

/* Begin PBXContainerItemProxy section */
		E2E814471C1049FE00356302 /* PBXContainerItemProxy */ = {
			isa = PBXContainerItemProxy;
			containerPortal = E2E8142A1C1049FE00356302 /* Project object */;
			proxyType = 1;
			remoteGlobalIDString = E2E814311C1049FE00356302;
			remoteInfo = FirstApp;
		};
		E2E814521C1049FE00356302 /* PBXContainerItemProxy */ = {
			isa = PBXContainerItemProxy;
			containerPortal = E2E8142A1C1049FE00356302 /* Project object */;
			proxyType = 1;
			remoteGlobalIDString = E2E814311C1049FE00356302;
			remoteInfo = FirstApp;
		};
/* End PBXContainerItemProxy section */

/* Begin PBXFileReference section */
		E2E814321C1049FE00356302 /* FirstApp.app */ = {isa = PBXFileReference; explicitFileType = wrapper.application; includeInIndex = 0; path = FirstApp.app; sourceTree = BUILT_PRODUCTS_DIR; };
		E2E814351C1049FE00356302 /* AppDelegate.swift */ = {isa = PBXFileReference; lastKnownFileType = sourcecode.swift; path = AppDelegate.swift; sourceTree = "<group>"; };
		E2E814371C1049FE00356302 /* ViewController.swift */ = {isa = PBXFileReference; lastKnownFileType = sourcecode.swift; path = ViewController.swift; sourceTree = "<group>"; };
		E2E8143A1C1049FE00356302 /* Base */ = {isa = PBXFileReference; lastKnownFileType = file.storyboard; name = Base; path = Base.lproj/Main.storyboard; sourceTree = "<group>"; };
		E2E8143C1C1049FE00356302 /* Assets.xcassets */ = {isa = PBXFileReference; lastKnownFileType = folder.assetcatalog; path = Assets.xcassets; sourceTree = "<group>"; };
		E2E8143F1C1049FE00356302 /* Base */ = {isa = PBXFileReference; lastKnownFileType = file.storyboard; name = Base; path = Base.lproj/LaunchScreen.storyboard; sourceTree = "<group>"; };
		E2E814411C1049FE00356302 /* Info.plist */ = {isa = PBXFileReference; lastKnownFileType = text.plist.xml; path = Info.plist; sourceTree = "<group>"; };
		E2E814461C1049FE00356302 /* FirstAppTests.xctest */ = {isa = PBXFileReference; explicitFileType = wrapper.cfbundle; includeInIndex = 0; path = FirstAppTests.xctest; sourceTree = BUILT_PRODUCTS_DIR; };
		E2E8144A1C1049FE00356302 /* FirstAppTests.swift */ = {isa = PBXFileReference; lastKnownFileType = sourcecode.swift; path = FirstAppTests.swift; sourceTree = "<group>"; };
		E2E8144C1C1049FE00356302 /* Info.plist */ = {isa = PBXFileReference; lastKnownFileType = text.plist.xml; path = Info.plist; sourceTree = "<group>"; };
		E2E814511C1049FE00356302 /* FirstAppUITests.xctest */ = {isa = PBXFileReference; explicitFileType = wrapper.cfbundle; includeInIndex = 0; path = FirstAppUITests.xctest; sourceTree = BUILT_PRODUCTS_DIR; };
		E2E814551C1049FE00356302 /* FirstAppUITests.swift */ = {isa = PBXFileReference; lastKnownFileType = sourcecode.swift; path = FirstAppUITests.swift; sourceTree = "<group>"; };
		E2E814571C1049FE00356302 /* Info.plist */ = {isa = PBXFileReference; lastKnownFileType = text.plist.xml; path = Info.plist; sourceTree = "<group>"; };
/* End PBXFileReference section */

/* Begin PBXFrameworksBuildPhase section */
		E2E8142F1C1049FE00356302 /* Frameworks */ = {
			isa = PBXFrameworksBuildPhase;
			buildActionMask = 2147483647;
			files = (
			);
			runOnlyForDeploymentPostprocessing = 0;
		};
		E2E814431C1049FE00356302 /* Frameworks */ = {
			isa = PBXFrameworksBuildPhase;
			buildActionMask = 2147483647;
			files = (
			);
			runOnlyForDeploymentPostprocessing = 0;
		};
		E2E8144E1C1049FE00356302 /* Frameworks */ = {
			isa = PBXFrameworksBuildPhase;
			buildActionMask = 2147483647;
			files = (
			);
			runOnlyForDeploymentPostprocessing = 0;
		};
/* End PBXFrameworksBuildPhase section */

/* Begin PBXGroup section */
		E2E814291C1049FE00356302 = {
			isa = PBXGroup;
			children = (
				E2E814341C1049FE00356302 /* FirstApp */,
				E2E814491C1049FE00356302 /* FirstAppTests */,
				E2E814541C1049FE00356302 /* FirstAppUITests */,
				E2E814331C1049FE00356302 /* Products */,
			);
			sourceTree = "<group>";
		};
		E2E814331C1049FE00356302 /* Products */ = {
			isa = PBXGroup;
			children = (
				E2E814321C1049FE00356302 /* FirstApp.app */,
				E2E814461C1049FE00356302 /* FirstAppTests.xctest */,
				E2E814511C1049FE00356302 /* FirstAppUITests.xctest */,
			);
			name = Products;
			sourceTree = "<group>";
		};
		E2E814341C1049FE00356302 /* FirstApp */ = {
			isa = PBXGroup;
			children = (
				E2E814351C1049FE00356302 /* AppDelegate.swift */,
				E2E814371C1049FE00356302 /* ViewController.swift */,
				E2E814391C1049FE00356302 /* Main.storyboard */,
				E2E8143C1C1049FE00356302 /* Assets.xcassets */,
				E2E8143E1C1049FE00356302 /* LaunchScreen.storyboard */,
				E2E814411C1049FE00356302 /* Info.plist */,
			);
			path = FirstApp;
			sourceTree = "<group>";
		};
		E2E814491C1049FE00356302 /* FirstAppTests */ = {
			isa = PBXGroup;
			children = (
				E2E8144A1C1049FE00356302 /* FirstAppTests.swift */,
				E2E8144C1C1049FE00356302 /* Info.plist */,
			);
			path = FirstAppTests;
			sourceTree = "<group>";
		};
		E2E814541C1049FE00356302 /* FirstAppUITests */ = {
			isa = PBXGroup;
			children = (
				E2E814551C1049FE00356302 /* FirstAppUITests.swift */,
				E2E814571C1049FE00356302 /* Info.plist */,
			);
			path = FirstAppUITests;
			sourceTree = "<group>";
		};
/* End PBXGroup section */

/* Begin PBXNativeTarget section */
		E2E814311C1049FE00356302 /* FirstApp */ = {
			isa = PBXNativeTarget;
			buildConfigurationList = E2E8145A1C1049FE00356302 /* Build configuration list for PBXNativeTarget "FirstApp" */;
			buildPhases = (
				E2E8142E1C1049FE00356302 /* Sources */,
				E2E8142F1C1049FE00356302 /* Frameworks */,
				E2E814301C1049FE00356302 /* Resources */,
			);
			buildRules = (
			);
			dependencies = (
			);
			name = FirstApp;
			productName = FirstApp;
			productReference = E2E814321C1049FE00356302 /* FirstApp.app */;
			productType = "com.apple.product-type.application";
		};
		E2E814451C1049FE00356302 /* FirstAppTests */ = {
			isa = PBXNativeTarget;
			buildConfigurationList = E2E8145D1C1049FE00356302 /* Build configuration list for PBXNativeTarget "FirstAppTests" */;
			buildPhases = (
				E2E814421C1049FE00356302 /* Sources */,
				E2E814431C1049FE00356302 /* Frameworks */,
				E2E814441C1049FE00356302 /* Resources */,
			);
			buildRules = (
			);
			dependencies = (
				E2E814481C1049FE00356302 /* PBXTargetDependency */,
			);
			name = FirstAppTests;
			productName = FirstAppTests;
			productReference = E2E814461C1049FE00356302 /* FirstAppTests.xctest */;
			productType = "com.apple.product-type.bundle.unit-test";
		};
		E2E814501C1049FE00356302 /* FirstAppUITests */ = {
			isa = PBXNativeTarget;
			buildConfigurationList = E2E814601C1049FE00356302 /* Build configuration list for PBXNativeTarget "FirstAppUITests" */;
			buildPhases = (
				E2E8144D1C1049FE00356302 /* Sources */,
				E2E8144E1C1049FE00356302 /* Frameworks */,
				E2E8144F1C1049FE00356302 /* Resources */,
			);
			buildRules = (
			);
			dependencies = (
				E2E814531C1049FE00356302 /* PBXTargetDependency */,
			);
			name = FirstAppUITests;
			productName = FirstAppUITests;
			productReference = E2E814511C1049FE00356302 /* FirstAppUITests.xctest */;
			productType = "com.apple.product-type.bundle.ui-testing";
		};
/* End PBXNativeTarget section */

/* Begin PBXProject section */
		E2E8142A1C1049FE00356302 /* Project object */ = {
			isa = PBXProject;
			attributes = {
				LastSwiftUpdateCheck = 0710;
				LastUpgradeCheck = 0710;
				ORGANIZATIONNAME = scotty;
				TargetAttributes = {
					E2E814311C1049FE00356302 = {
						CreatedOnToolsVersion = 7.1.1;
					};
					E2E814451C1049FE00356302 = {
						CreatedOnToolsVersion = 7.1.1;
						TestTargetID = E2E814311C1049FE00356302;
					};
					E2E814501C1049FE00356302 = {
						CreatedOnToolsVersion = 7.1.1;
						TestTargetID = E2E814311C1049FE00356302;
					};
				};
			};
			buildConfigurationList = E2E8142D1C1049FE00356302 /* Build configuration list for PBXProject "FirstApp" */;
			compatibilityVersion = "Xcode 3.2";
			developmentRegion = English;
			hasScannedForEncodings = 0;
			knownRegions = (
				en,
				Base,
			);
			mainGroup = E2E814291C1049FE00356302;
			productRefGroup = E2E814331C1049FE00356302 /* Products */;
			projectDirPath = "";
			projectRoot = "";
			targets = (
				E2E814311C1049FE00356302 /* FirstApp */,
				E2E814451C1049FE00356302 /* FirstAppTests */,
				E2E814501C1049FE00356302 /* FirstAppUITests */,
			);
		};
/* End PBXProject section */

/* Begin PBXResourcesBuildPhase section */
		E2E814301C1049FE00356302 /* Resources */ = {
			isa = PBXResourcesBuildPhase;
			buildActionMask = 2147483647;
			files = (
				E2E814401C1049FE00356302 /* LaunchScreen.storyboard in Resources */,
				E2E8143D1C1049FE00356302 /* Assets.xcassets in Resources */,
				E2E8143B1C1049FE00356302 /* Main.storyboard in Resources */,
			);
			runOnlyForDeploymentPostprocessing = 0;
		};
		E2E814441C1049FE00356302 /* Resources */ = {
			isa = PBXResourcesBuildPhase;
			buildActionMask = 2147483647;
			files = (
			);
			runOnlyForDeploymentPostprocessing = 0;
		};
		E2E8144F1C1049FE00356302 /* Resources */ = {
			isa = PBXResourcesBuildPhase;
			buildActionMask = 2147483647;
			files = (
			);
			runOnlyForDeploymentPostprocessing = 0;
		};
/* End PBXResourcesBuildPhase section */

/* Begin PBXSourcesBuildPhase section */
		E2E8142E1C1049FE00356302 /* Sources */ = {
			isa = PBXSourcesBuildPhase;
			buildActionMask = 2147483647;
			files = (
				E2E814381C1049FE00356302 /* ViewController.swift in Sources */,
				E2E814361C1049FE00356302 /* AppDelegate.swift in Sources */,
			);
			runOnlyForDeploymentPostprocessing = 0;
		};
		E2E814421C1049FE00356302 /* Sources */ = {
			isa = PBXSourcesBuildPhase;
			buildActionMask = 2147483647;
			files = (
				E2E8144B1C1049FE00356302 /* FirstAppTests.swift in Sources */,
			);
			runOnlyForDeploymentPostprocessing = 0;
		};
		E2E8144D1C1049FE00356302 /* Sources */ = {
			isa = PBXSourcesBuildPhase;
			buildActionMask = 2147483647;
			files = (
				E2E814561C1049FE00356302 /* FirstAppUITests.swift in Sources */,
			);
			runOnlyForDeploymentPostprocessing = 0;
		};
/* End PBXSourcesBuildPhase section */

/* Begin PBXTargetDependency section */
		E2E814481C1049FE00356302 /* PBXTargetDependency */ = {
			isa = PBXTargetDependency;
			target = E2E814311C1049FE00356302 /* FirstApp */;
			targetProxy = E2E814471C1049FE00356302 /* PBXContainerItemProxy */;
		};
		E2E814531C1049FE00356302 /* PBXTargetDependency */ = {
			isa = PBXTargetDependency;
			target = E2E814311C1049FE00356302 /* FirstApp */;
			targetProxy = E2E814521C1049FE00356302 /* PBXContainerItemProxy */;
		};
/* End PBXTargetDependency section */

/* Begin PBXVariantGroup section */
		E2E814391C1049FE00356302 /* Main.storyboard */ = {
			isa = PBXVariantGroup;
			children = (
				E2E8143A1C1049FE00356302 /* Base */,
			);
			name = Main.storyboard;
			sourceTree = "<group>";
		};
		E2E8143E1C1049FE00356302 /* LaunchScreen.storyboard */ = {
			isa = PBXVariantGroup;
			children = (
				E2E8143F1C1049FE00356302 /* Base */,
			);
			name = LaunchScreen.storyboard;
			sourceTree = "<group>";
		};
/* End PBXVariantGroup section */

/* Begin XCBuildConfiguration section */
		E2E814581C1049FE00356302 /* Debug */ = {
			isa = XCBuildConfiguration;
			buildSettings = {
				ALWAYS_SEARCH_USER_PATHS = NO;
				CLANG_CXX_LANGUAGE_STANDARD = "gnu++0x";
				CLANG_CXX_LIBRARY = "libc++";
				CLANG_ENABLE_MODULES = YES;
				CLANG_ENABLE_OBJC_ARC = YES;
				CLANG_WARN_BOOL_CONVERSION = YES;
				CLANG_WARN_CONSTANT_CONVERSION = YES;
				CLANG_WARN_DIRECT_OBJC_ISA_USAGE = YES_ERROR;
				CLANG_WARN_EMPTY_BODY = YES;
				CLANG_WARN_ENUM_CONVERSION = YES;
				CLANG_WARN_INT_CONVERSION = YES;
				CLANG_WARN_OBJC_ROOT_CLASS = YES_ERROR;
				CLANG_WARN_UNREACHABLE_CODE = YES;
				CLANG_WARN__DUPLICATE_METHOD_MATCH = YES;
				"CODE_SIGN_IDENTITY[sdk=iphoneos*]" = "iPhone Developer";
				COPY_PHASE_STRIP = NO;
				DEBUG_INFORMATION_FORMAT = dwarf;
				ENABLE_STRICT_OBJC_MSGSEND = YES;
				ENABLE_TESTABILITY = YES;
				GCC_C_LANGUAGE_STANDARD = gnu99;
				GCC_DYNAMIC_NO_PIC = NO;
				GCC_NO_COMMON_BLOCKS = YES;
				GCC_OPTIMIZATION_LEVEL = 0;
				GCC_PREPROCESSOR_DEFINITIONS = (
					"DEBUG=1",
					"$(inherited)",
				);
				GCC_WARN_64_TO_32_BIT_CONVERSION = YES;
				GCC_WARN_ABOUT_RETURN_TYPE = YES_ERROR;
				GCC_WARN_UNDECLARED_SELECTOR = YES;
				GCC_WARN_UNINITIALIZED_AUTOS = YES_AGGRESSIVE;
				GCC_WARN_UNUSED_FUNCTION = YES;
				GCC_WARN_UNUSED_VARIABLE = YES;
				IPHONEOS_DEPLOYMENT_TARGET = 9.1;
				MTL_ENABLE_DEBUG_INFO = YES;
				ONLY_ACTIVE_ARCH = YES;
				SDKROOT = iphoneos;
				SWIFT_OPTIMIZATION_LEVEL = "-Onone";
			};
			name = Debug;
		};
		E2E814591C1049FE00356302 /* Release */ = {
			isa = XCBuildConfiguration;
			buildSettings = {
				ALWAYS_SEARCH_USER_PATHS = NO;
				CLANG_CXX_LANGUAGE_STANDARD = "gnu++0x";
				CLANG_CXX_LIBRARY = "libc++";
				CLANG_ENABLE_MODULES = YES;
				CLANG_ENABLE_OBJC_ARC = YES;
				CLANG_WARN_BOOL_CONVERSION = YES;
				CLANG_WARN_CONSTANT_CONVERSION = YES;
				CLANG_WARN_DIRECT_OBJC_ISA_USAGE = YES_ERROR;
				CLANG_WARN_EMPTY_BODY = YES;
				CLANG_WARN_ENUM_CONVERSION = YES;
				CLANG_WARN_INT_CONVERSION = YES;
				CLANG_WARN_OBJC_ROOT_CLASS = YES_ERROR;
				CLANG_WARN_UNREACHABLE_CODE = YES;
				CLANG_WARN__DUPLICATE_METHOD_MATCH = YES;
				"CODE_SIGN_IDENTITY[sdk=iphoneos*]" = "iPhone Developer";
				COPY_PHASE_STRIP = NO;
				DEBUG_INFORMATION_FORMAT = "dwarf-with-dsym";
				ENABLE_NS_ASSERTIONS = NO;
				ENABLE_STRICT_OBJC_MSGSEND = YES;
				GCC_C_LANGUAGE_STANDARD = gnu99;
				GCC_NO_COMMON_BLOCKS = YES;
				GCC_WARN_64_TO_32_BIT_CONVERSION = YES;
				GCC_WARN_ABOUT_RETURN_TYPE = YES_ERROR;
				GCC_WARN_UNDECLARED_SELECTOR = YES;
				GCC_WARN_UNINITIALIZED_AUTOS = YES_AGGRESSIVE;
				GCC_WARN_UNUSED_FUNCTION = YES;
				GCC_WARN_UNUSED_VARIABLE = YES;
				IPHONEOS_DEPLOYMENT_TARGET = 9.1;
				MTL_ENABLE_DEBUG_INFO = NO;
				SDKROOT = iphoneos;
				VALIDATE_PRODUCT = YES;
			};
			name = Release;
		};
		E2E8145B1C1049FE00356302 /* Debug */ = {
			isa = XCBuildConfiguration;
			buildSettings = {
				ASSETCATALOG_COMPILER_APPICON_NAME = AppIcon;
				INFOPLIST_FILE = FirstApp/Info.plist;
				LD_RUNPATH_SEARCH_PATHS = "$(inherited) @executable_path/Frameworks";
				PRODUCT_BUNDLE_IDENTIFIER = jacky.FirstApp;
				PRODUCT_NAME = "$(TARGET_NAME)";
			};
			name = Debug;
		};
		E2E8145C1C1049FE00356302 /* Release */ = {
			isa = XCBuildConfiguration;
			buildSettings = {
				ASSETCATALOG_COMPILER_APPICON_NAME = AppIcon;
				INFOPLIST_FILE = FirstApp/Info.plist;
				LD_RUNPATH_SEARCH_PATHS = "$(inherited) @executable_path/Frameworks";
				PRODUCT_BUNDLE_IDENTIFIER = jacky.FirstApp;
				PRODUCT_NAME = "$(TARGET_NAME)";
			};
			name = Release;
		};
		E2E8145E1C1049FE00356302 /* Debug */ = {
			isa = XCBuildConfiguration;
			buildSettings = {
				BUNDLE_LOADER = "$(TEST_HOST)";
				INFOPLIST_FILE = FirstAppTests/Info.plist;
				LD_RUNPATH_SEARCH_PATHS = "$(inherited) @executable_path/Frameworks @loader_path/Frameworks";
				PRODUCT_BUNDLE_IDENTIFIER = jacky.FirstAppTests;
				PRODUCT_NAME = "$(TARGET_NAME)";
				TEST_HOST = "$(BUILT_PRODUCTS_DIR)/FirstApp.app/FirstApp";
			};
			name = Debug;
		};
		E2E8145F1C1049FE00356302 /* Release */ = {
			isa = XCBuildConfiguration;
			buildSettings = {
				BUNDLE_LOADER = "$(TEST_HOST)";
				INFOPLIST_FILE = FirstAppTests/Info.plist;
				LD_RUNPATH_SEARCH_PATHS = "$(inherited) @executable_path/Frameworks @loader_path/Frameworks";
				PRODUCT_BUNDLE_IDENTIFIER = jacky.FirstAppTests;
				PRODUCT_NAME = "$(TARGET_NAME)";
				TEST_HOST = "$(BUILT_PRODUCTS_DIR)/FirstApp.app/FirstApp";
			};
			name = Release;
		};
		E2E814611C1049FE00356302 /* Debug */ = {
			isa = XCBuildConfiguration;
			buildSettings = {
				INFOPLIST_FILE = FirstAppUITests/Info.plist;
				LD_RUNPATH_SEARCH_PATHS = "$(inherited) @executable_path/Frameworks @loader_path/Frameworks";
				PRODUCT_BUNDLE_IDENTIFIER = jacky.FirstAppUITests;
				PRODUCT_NAME = "$(TARGET_NAME)";
				TEST_TARGET_NAME = FirstApp;
				USES_XCTRUNNER = YES;
			};
			name = Debug;
		};
		E2E814621C1049FE00356302 /* Release */ = {
			isa = XCBuildConfiguration;
			buildSettings = {
				INFOPLIST_FILE = FirstAppUITests/Info.plist;
				LD_RUNPATH_SEARCH_PATHS = "$(inherited) @executable_path/Frameworks @loader_path/Frameworks";
				PRODUCT_BUNDLE_IDENTIFIER = jacky.FirstAppUITests;
				PRODUCT_NAME = "$(TARGET_NAME)";
				TEST_TARGET_NAME = FirstApp;
				USES_XCTRUNNER = YES;
			};
			name = Release;
		};
/* End XCBuildConfiguration section */

/* Begin XCConfigurationList section */
		E2E8142D1C1049FE00356302 /* Build configuration list for PBXProject "FirstApp" */ = {
			isa = XCConfigurationList;
			buildConfigurations = (
				E2E814581C1049FE00356302 /* Debug */,
				E2E814591C1049FE00356302 /* Release */,
			);
			defaultConfigurationIsVisible = 0;
			defaultConfigurationName = Release;
		};
		E2E8145A1C1049FE00356302 /* Build configuration list for PBXNativeTarget "FirstApp" */ = {
			isa = XCConfigurationList;
			buildConfigurations = (
				E2E8145B1C1049FE00356302 /* Debug */,
				E2E8145C1C1049FE00356302 /* Release */,
			);
			defaultConfigurationIsVisible = 0;
		};
		E2E8145D1C1049FE00356302 /* Build configuration list for PBXNativeTarget "FirstAppTests" */ = {
			isa = XCConfigurationList;
			buildConfigurations = (
				E2E8145E1C1049FE00356302 /* Debug */,
				E2E8145F1C1049FE00356302 /* Release */,
			);
			defaultConfigurationIsVisible = 0;
		};
		E2E814601C1049FE00356302 /* Build configuration list for PBXNativeTarget "FirstAppUITests" */ = {
			isa = XCConfigurationList;
			buildConfigurations = (
				E2E814611C1049FE00356302 /* Debug */,
				E2E814621C1049FE00356302 /* Release */,
			);
			defaultConfigurationIsVisible = 0;
		};
/* End XCConfigurationList section */
	};
	rootObject = E2E8142A1C1049FE00356302 /* Project object */;
}
